# This file is autogenerated, do not edit; changes may be undone by the next 'dep ensure'.


[[projects]]
  branch = "master"
  name = "github.com/cloudflare/gokey"
  packages = ["."]
  revision = "6bb7290160583cf1fd7cdcb5726093a00dd23c25"

[[projects]]
  branch = "master"
  name = "github.com/joeshaw/envdecode"
  packages = ["."]
  revision = "c9e0158544672841c3ebf49308f536d918f2e525"

[[projects]]
  branch = "master"
  name = "github.com/teris-io/shortid"
  packages = ["."]
  revision = "771a37caa5cf0c81f585d7b6df4dfc77e0615b5c"

[[projects]]
  branch = "master"
  name = "golang.org/x/crypto"
  packages = [
    "ed25519",
    "ed25519/internal/edwards25519",
    "hkdf",
    "pbkdf2"
  ]
  revision = "a49355c7e3f8fe157a85be2f77e6e269a0f89602"

[solve-meta]
  analyzer-name = "dep"
  analyzer-version = 1
  inputs-digest = "edb850e487f4e891beb3fa963197681c4c8e4d3dc4f8eefee544fa8b00b6e425"
  solver-name = "gps-cdcl"
  solver-version = 1
